
Microsoft Visual Studio Solution File, Format Version 11.00
# Visual Studio 2010
Project("{E24C65DC-7377-472B-9ABA-BC803B73C61A}") = "实习", ".", "{56478F2F-EDA5-4254-A7A0-D90CCE41A0BA}"
	ProjectSection(WebsiteProperties) = preProject
		TargetFrameworkMoniker = ".NETFramework,Version%3Dv4.0"
		Debug.AspNetCompiler.VirtualPath = "/实习"
		Debug.AspNetCompiler.PhysicalPath = "..\实习\"
		Debug.AspNetCompiler.TargetPath = "PrecompiledWeb\实习\"
		Debug.AspNetCompiler.Updateable = "true"
		Debug.AspNetCompiler.ForceOverwrite = "true"
		Debug.AspNetCompiler.FixedNames = "false"
		Debug.AspNetCompiler.Debug = "True"
		Release.AspNetCompiler.VirtualPath = "/实习"
		Release.AspNetCompiler.PhysicalPath = "..\实习\"
		Release.AspNetCompiler.TargetPath = "PrecompiledWeb\实习\"
		Release.AspNetCompiler.Updateable = "true"
		Release.AspNetCompiler.ForceOverwrite = "true"
		Release.AspNetCompiler.FixedNames = "false"
		Release.AspNetCompiler.Debug = "False"
		VWDPort = "45910"
	EndProjectSection
EndProject
Global
	GlobalSection(SolutionConfigurationPlatforms) = preSolution
		Debug|Any CPU = Debug|Any CPU
	EndGlobalSection
	GlobalSection(ProjectConfigurationPlatforms) = postSolution
		{56478F2F-EDA5-4254-A7A0-D90CCE41A0BA}.Debug|Any CPU.ActiveCfg = Debug|Any CPU
		{56478F2F-EDA5-4254-A7A0-D90CCE41A0BA}.Debug|Any CPU.Build.0 = Debug|Any CPU
	EndGlobalSection
	GlobalSection(SolutionProperties) = preSolution
		HideSolutionNode = FALSE
	EndGlobalSection
EndGlobal
